# THIS IS AN AUTOGENERATED FILE. DO NOT EDIT THIS FILE DIRECTLY.
# yarn lockfile v1


"@playwright/mcp@^0.0.51":
  version "0.0.51"
  resolved "https://registry.yarnpkg.com/@playwright/mcp/-/mcp-0.0.51.tgz#897dd88889ee43b1545a35972a3db4baf36d76f2"
  integrity sha512-/8xzYKiAyt0PAEEofZ7qI9QTHTrL3HSDDriU4jKV+DojcfdEPsdqnhjCwlO5mp6OA4pHTIFl9IoUwVUDsGI9ug==
  dependencies:
    playwright "1.58.0-alpha-2025-12-05"
    playwright-core "1.58.0-alpha-2025-12-05"

fsevents@2.3.2:
  version "2.3.2"
  resolved "https://registry.yarnpkg.com/fsevents/-/fsevents-2.3.2.tgz#8a526f78b8fdf4623b709e0b975c52c24c02fd1a"
  integrity sha512-xiqMQR4xAeHTuB9uWm+fFRcIOgKBMiOBP+eXiyT7jsgVCq1bkVygt00oASowB7EdtpOHaaPgKt812P9ab+DDKA==

playwright-core@1.58.0-alpha-2025-12-05:
  version "1.58.0-alpha-2025-12-05"
  resolved "https://registry.yarnpkg.com/playwright-core/-/playwright-core-1.58.0-alpha-2025-12-05.tgz#58f5e406453d3dcdb5f07dcdbb96f10322d51912"
  integrity sha512-SxuplRh2ebubfQKa4W2l245iXYIijjosb0TEqu3AKZvZNfpNYkdOZ6QBWaO3x5OtpejaATX753cM9BYuS8UjqA==

playwright@1.58.0-alpha-2025-12-05:
  version "1.58.0-alpha-2025-12-05"
  resolved "https://registry.yarnpkg.com/playwright/-/playwright-1.58.0-alpha-2025-12-05.tgz#6524dd46e0f0fbd7f5db3729759656ac7c2983be"
  integrity sha512-Uy6Gbf1sGYsyffpgxhKJW5GoO68ZHcSiPg49q5sY7+bJLn7OZ8zXE5eO+nTcVzhoVVmFZsO+8h9iAVOk2wheSg==
  dependencies:
    playwright-core "1.58.0-alpha-2025-12-05"
  optionalDependencies:
    fsevents "2.3.2"
